// !$*UTF8*$!
{
	archiveVersion = 1;
	classes = {
	};
	objectVersion = 55;
	objects = {

/* Begin PBXBuildFile section */
		036CD92E3CC089628C90F474 /* Pods_ToDoList_MVP_CoreData.framework in Frameworks */ = {isa = PBXBuildFile; fileRef = 16DDB5A3123DA56E25CDDD22 /* Pods_ToDoList_MVP_CoreData.framework */; };
		1F4BC84E2843A53B002A1CCA /* DetailPresenter.swift in Sources */ = {isa = PBXBuildFile; fileRef = 1F4BC84A2843A53B002A1CCA /* DetailPresenter.swift */; };
		1F4BC84F2843A53B002A1CCA /* DetailController.swift in Sources */ = {isa = PBXBuildFile; fileRef = 1F4BC84B2843A53B002A1CCA /* DetailController.swift */; };
		1F4BC8562843B0E7002A1CCA /* Router.swift in Sources */ = {isa = PBXBuildFile; fileRef = 1F4BC8552843B0E7002A1CCA /* Router.swift */; };
		1F4BC85F2843D417002A1CCA /* MainPresenterTests.swift in Sources */ = {isa = PBXBuildFile; fileRef = 1F4BC85E2843D417002A1CCA /* MainPresenterTests.swift */; };
		1F4BC8622843D8FF002A1CCA /* StoreService.swift in Sources */ = {isa = PBXBuildFile; fileRef = 1F4BC8612843D8FF002A1CCA /* StoreService.swift */; };
		1F4BC86728440010002A1CCA /* RouterTest.swift in Sources */ = {isa = PBXBuildFile; fileRef = 1F4BC86628440010002A1CCA /* RouterTest.swift */; };
		1F5C482928411B2E00C024E0 /* AppDelegate.swift in Sources */ = {isa = PBXBuildFile; fileRef = 1F5C482828411B2E00C024E0 /* AppDelegate.swift */; };
		1F5C482B28411B2E00C024E0 /* SceneDelegate.swift in Sources */ = {isa = PBXBuildFile; fileRef = 1F5C482A28411B2E00C024E0 /* SceneDelegate.swift */; };
		1F5C483328411B2E00C024E0 /* ToDoList_MVP_CoreData.xcdatamodeld in Sources */ = {isa = PBXBuildFile; fileRef = 1F5C483128411B2E00C024E0 /* ToDoList_MVP_CoreData.xcdatamodeld */; };
		1F5C483528411B2F00C024E0 /* Assets.xcassets in Resources */ = {isa = PBXBuildFile; fileRef = 1F5C483428411B2F00C024E0 /* Assets.xcassets */; };
		1F5C483828411B2F00C024E0 /* LaunchScreen.storyboard in Resources */ = {isa = PBXBuildFile; fileRef = 1F5C483628411B2F00C024E0 /* LaunchScreen.storyboard */; };
		1F5C484D28411B2F00C024E0 /* ToDoList_MVP_CoreDataUITests.swift in Sources */ = {isa = PBXBuildFile; fileRef = 1F5C484C28411B2F00C024E0 /* ToDoList_MVP_CoreDataUITests.swift */; };
		1F5C484F28411B2F00C024E0 /* ToDoList_MVP_CoreDataUITestsLaunchTests.swift in Sources */ = {isa = PBXBuildFile; fileRef = 1F5C484E28411B2F00C024E0 /* ToDoList_MVP_CoreDataUITestsLaunchTests.swift */; };
		1F5C48832841209800C024E0 /* MainPresenter.swift in Sources */ = {isa = PBXBuildFile; fileRef = 1F5C487F2841209800C024E0 /* MainPresenter.swift */; };
		1F5C48842841209800C024E0 /* Assembly.swift in Sources */ = {isa = PBXBuildFile; fileRef = 1F5C48802841209800C024E0 /* Assembly.swift */; };
		1F5C48852841209800C024E0 /* MainViewController.swift in Sources */ = {isa = PBXBuildFile; fileRef = 1F5C48812841209800C024E0 /* MainViewController.swift */; };
		1F5C488A2841236100C024E0 /* MainItem+CoreDataClass.swift in Sources */ = {isa = PBXBuildFile; fileRef = 1F5C48882841236100C024E0 /* MainItem+CoreDataClass.swift */; };
		1F5C488B2841236100C024E0 /* MainItem+CoreDataProperties.swift in Sources */ = {isa = PBXBuildFile; fileRef = 1F5C48892841236100C024E0 /* MainItem+CoreDataProperties.swift */; };
		1F5C48942841337300C024E0 /* Date+extensions.swift in Sources */ = {isa = PBXBuildFile; fileRef = 1F5C48932841337300C024E0 /* Date+extensions.swift */; };
		1F5C4898284138F200C024E0 /* MainTableViewCell.swift in Sources */ = {isa = PBXBuildFile; fileRef = 1F5C4897284138F200C024E0 /* MainTableViewCell.swift */; };
		1FAD350028429929004363EA /* UITableView+extensions.swift in Sources */ = {isa = PBXBuildFile; fileRef = 1FAD34FF28429929004363EA /* UITableView+extensions.swift */; };
		442C3D27FFC3A2B883A82C59 /* Pods_ToDoList_MVP_CoreData_ToDoList_MVP_CoreDataUITests.framework in Frameworks */ = {isa = PBXBuildFile; fileRef = 7FAF24B7B1908FC5F6A902E3 /* Pods_ToDoList_MVP_CoreData_ToDoList_MVP_CoreDataUITests.framework */; };
		7CC4A30A503277A832AA86AF /* Pods_ToDoList_MVP_CoreDataTests.framework in Frameworks */ = {isa = PBXBuildFile; fileRef = 86DFA168B852204715DA3525 /* Pods_ToDoList_MVP_CoreDataTests.framework */; };
/* End PBXBuildFile section */

/* Begin PBXContainerItemProxy section */
		1F5C483F28411B2F00C024E0 /* PBXContainerItemProxy */ = {
			isa = PBXContainerItemProxy;
			containerPortal = 1F5C481D28411B2E00C024E0 /* Project object */;
			proxyType = 1;
			remoteGlobalIDString = 1F5C482428411B2E00C024E0;
			remoteInfo = ToDoList_MVP_CoreData;
		};
		1F5C484928411B2F00C024E0 /* PBXContainerItemProxy */ = {
			isa = PBXContainerItemProxy;
			containerPortal = 1F5C481D28411B2E00C024E0 /* Project object */;
			proxyType = 1;
			remoteGlobalIDString = 1F5C482428411B2E00C024E0;
			remoteInfo = ToDoList_MVP_CoreData;
		};
/* End PBXContainerItemProxy section */

/* Begin PBXFileReference section */
		16DDB5A3123DA56E25CDDD22 /* Pods_ToDoList_MVP_CoreData.framework */ = {isa = PBXFileReference; explicitFileType = wrapper.framework; includeInIndex = 0; path = Pods_ToDoList_MVP_CoreData.framework; sourceTree = BUILT_PRODUCTS_DIR; };
		1F4BC84A2843A53B002A1CCA /* DetailPresenter.swift */ = {isa = PBXFileReference; fileEncoding = 4; lastKnownFileType = sourcecode.swift; path = DetailPresenter.swift; sourceTree = "<group>"; };
		1F4BC84B2843A53B002A1CCA /* DetailController.swift */ = {isa = PBXFileReference; fileEncoding = 4; lastKnownFileType = sourcecode.swift; path = DetailController.swift; sourceTree = "<group>"; };
		1F4BC8552843B0E7002A1CCA /* Router.swift */ = {isa = PBXFileReference; lastKnownFileType = sourcecode.swift; path = Router.swift; sourceTree = "<group>"; };
		1F4BC85E2843D417002A1CCA /* MainPresenterTests.swift */ = {isa = PBXFileReference; lastKnownFileType = sourcecode.swift; path = MainPresenterTests.swift; sourceTree = "<group>"; };
		1F4BC8612843D8FF002A1CCA /* StoreService.swift */ = {isa = PBXFileReference; lastKnownFileType = sourcecode.swift; path = StoreService.swift; sourceTree = "<group>"; };
		1F4BC86628440010002A1CCA /* RouterTest.swift */ = {isa = PBXFileReference; lastKnownFileType = sourcecode.swift; path = RouterTest.swift; sourceTree = "<group>"; };
		1F5C482528411B2E00C024E0 /* ToDoList_MVP_CoreData.app */ = {isa = PBXFileReference; explicitFileType = wrapper.application; includeInIndex = 0; path = ToDoList_MVP_CoreData.app; sourceTree = BUILT_PRODUCTS_DIR; };
		1F5C482828411B2E00C024E0 /* AppDelegate.swift */ = {isa = PBXFileReference; lastKnownFileType = sourcecode.swift; path = AppDelegate.swift; sourceTree = "<group>"; };
		1F5C482A28411B2E00C024E0 /* SceneDelegate.swift */ = {isa = PBXFileReference; lastKnownFileType = sourcecode.swift; path = SceneDelegate.swift; sourceTree = "<group>"; };
		1F5C483228411B2E00C024E0 /* ToDoList_MVP_CoreData.xcdatamodel */ = {isa = PBXFileReference; lastKnownFileType = wrapper.xcdatamodel; path = ToDoList_MVP_CoreData.xcdatamodel; sourceTree = "<group>"; };
		1F5C483428411B2F00C024E0 /* Assets.xcassets */ = {isa = PBXFileReference; lastKnownFileType = folder.assetcatalog; path = Assets.xcassets; sourceTree = "<group>"; };
		1F5C483728411B2F00C024E0 /* Base */ = {isa = PBXFileReference; lastKnownFileType = file.storyboard; name = Base; path = Base.lproj/LaunchScreen.storyboard; sourceTree = "<group>"; };
		1F5C483928411B2F00C024E0 /* Info.plist */ = {isa = PBXFileReference; lastKnownFileType = text.plist.xml; path = Info.plist; sourceTree = "<group>"; };
		1F5C483E28411B2F00C024E0 /* ToDoList_MVP_CoreDataTests.xctest */ = {isa = PBXFileReference; explicitFileType = wrapper.cfbundle; includeInIndex = 0; path = ToDoList_MVP_CoreDataTests.xctest; sourceTree = BUILT_PRODUCTS_DIR; };
		1F5C484828411B2F00C024E0 /* ToDoList_MVP_CoreDataUITests.xctest */ = {isa = PBXFileReference; explicitFileType = wrapper.cfbundle; includeInIndex = 0; path = ToDoList_MVP_CoreDataUITests.xctest; sourceTree = BUILT_PRODUCTS_DIR; };
		1F5C484C28411B2F00C024E0 /* ToDoList_MVP_CoreDataUITests.swift */ = {isa = PBXFileReference; lastKnownFileType = sourcecode.swift; path = ToDoList_MVP_CoreDataUITests.swift; sourceTree = "<group>"; };
		1F5C484E28411B2F00C024E0 /* ToDoList_MVP_CoreDataUITestsLaunchTests.swift */ = {isa = PBXFileReference; lastKnownFileType = sourcecode.swift; path = ToDoList_MVP_CoreDataUITestsLaunchTests.swift; sourceTree = "<group>"; };
		1F5C487F2841209800C024E0 /* MainPresenter.swift */ = {isa = PBXFileReference; fileEncoding = 4; lastKnownFileType = sourcecode.swift; path = MainPresenter.swift; sourceTree = "<group>"; };
		1F5C48802841209800C024E0 /* Assembly.swift */ = {isa = PBXFileReference; fileEncoding = 4; lastKnownFileType = sourcecode.swift; path = Assembly.swift; sourceTree = "<group>"; };
		1F5C48812841209800C024E0 /* MainViewController.swift */ = {isa = PBXFileReference; fileEncoding = 4; lastKnownFileType = sourcecode.swift; path = MainViewController.swift; sourceTree = "<group>"; };
		1F5C48882841236100C024E0 /* MainItem+CoreDataClass.swift */ = {isa = PBXFileReference; lastKnownFileType = sourcecode.swift; path = "MainItem+CoreDataClass.swift"; sourceTree = "<group>"; };
		1F5C48892841236100C024E0 /* MainItem+CoreDataProperties.swift */ = {isa = PBXFileReference; lastKnownFileType = sourcecode.swift; path = "MainItem+CoreDataProperties.swift"; sourceTree = "<group>"; };
		1F5C48932841337300C024E0 /* Date+extensions.swift */ = {isa = PBXFileReference; lastKnownFileType = sourcecode.swift; path = "Date+extensions.swift"; sourceTree = "<group>"; };
		1F5C4897284138F200C024E0 /* MainTableViewCell.swift */ = {isa = PBXFileReference; lastKnownFileType = sourcecode.swift; path = MainTableViewCell.swift; sourceTree = "<group>"; };
		1FAD34FF28429929004363EA /* UITableView+extensions.swift */ = {isa = PBXFileReference; lastKnownFileType = sourcecode.swift; path = "UITableView+extensions.swift"; sourceTree = "<group>"; };
		520628338654074E9F7EC4E5 /* Pods-ToDoList_MVP_CoreData.release.xcconfig */ = {isa = PBXFileReference; includeInIndex = 1; lastKnownFileType = text.xcconfig; name = "Pods-ToDoList_MVP_CoreData.release.xcconfig"; path = "Target Support Files/Pods-ToDoList_MVP_CoreData/Pods-ToDoList_MVP_CoreData.release.xcconfig"; sourceTree = "<group>"; };
		5D2647873D393169F012D00D /* Pods-ToDoList_MVP_CoreData.debug.xcconfig */ = {isa = PBXFileReference; includeInIndex = 1; lastKnownFileType = text.xcconfig; name = "Pods-ToDoList_MVP_CoreData.debug.xcconfig"; path = "Target Support Files/Pods-ToDoList_MVP_CoreData/Pods-ToDoList_MVP_CoreData.debug.xcconfig"; sourceTree = "<group>"; };
		65F86D959788BEDF02D51F6E /* Pods-ToDoList_MVP_CoreData-ToDoList_MVP_CoreDataUITests.release.xcconfig */ = {isa = PBXFileReference; includeInIndex = 1; lastKnownFileType = text.xcconfig; name = "Pods-ToDoList_MVP_CoreData-ToDoList_MVP_CoreDataUITests.release.xcconfig"; path = "Target Support Files/Pods-ToDoList_MVP_CoreData-ToDoList_MVP_CoreDataUITests/Pods-ToDoList_MVP_CoreData-ToDoList_MVP_CoreDataUITests.release.xcconfig"; sourceTree = "<group>"; };
		706851590EC1E68D6C1DCDBF /* Pods-ToDoList_MVP_CoreData-ToDoList_MVP_CoreDataUITests.debug.xcconfig */ = {isa = PBXFileReference; includeInIndex = 1; lastKnownFileType = text.xcconfig; name = "Pods-ToDoList_MVP_CoreData-ToDoList_MVP_CoreDataUITests.debug.xcconfig"; path = "Target Support Files/Pods-ToDoList_MVP_CoreData-ToDoList_MVP_CoreDataUITests/Pods-ToDoList_MVP_CoreData-ToDoList_MVP_CoreDataUITests.debug.xcconfig"; sourceTree = "<group>"; };
		7FAF24B7B1908FC5F6A902E3 /* Pods_ToDoList_MVP_CoreData_ToDoList_MVP_CoreDataUITests.framework */ = {isa = PBXFileReference; explicitFileType = wrapper.framework; includeInIndex = 0; path = Pods_ToDoList_MVP_CoreData_ToDoList_MVP_CoreDataUITests.framework; sourceTree = BUILT_PRODUCTS_DIR; };
		86DFA168B852204715DA3525 /* Pods_ToDoList_MVP_CoreDataTests.framework */ = {isa = PBXFileReference; explicitFileType = wrapper.framework; includeInIndex = 0; path = Pods_ToDoList_MVP_CoreDataTests.framework; sourceTree = BUILT_PRODUCTS_DIR; };
		A9128C4637BB9B2DF10A7CA3 /* Pods-ToDoList_MVP_CoreDataTests.debug.xcconfig */ = {isa = PBXFileReference; includeInIndex = 1; lastKnownFileType = text.xcconfig; name = "Pods-ToDoList_MVP_CoreDataTests.debug.xcconfig"; path = "Target Support Files/Pods-ToDoList_MVP_CoreDataTests/Pods-ToDoList_MVP_CoreDataTests.debug.xcconfig"; sourceTree = "<group>"; };
		D5E86BC0B14278A31CC2E5BA /* Pods-ToDoList_MVP_CoreDataTests.release.xcconfig */ = {isa = PBXFileReference; includeInIndex = 1; lastKnownFileType = text.xcconfig; name = "Pods-ToDoList_MVP_CoreDataTests.release.xcconfig"; path = "Target Support Files/Pods-ToDoList_MVP_CoreDataTests/Pods-ToDoList_MVP_CoreDataTests.release.xcconfig"; sourceTree = "<group>"; };
/* End PBXFileReference section */

/* Begin PBXFrameworksBuildPhase section */
		1F5C482228411B2E00C024E0 /* Frameworks */ = {
			isa = PBXFrameworksBuildPhase;
			buildActionMask = 2147483647;
			files = (
				036CD92E3CC089628C90F474 /* Pods_ToDoList_MVP_CoreData.framework in Frameworks */,
			);
			runOnlyForDeploymentPostprocessing = 0;
		};
		1F5C483B28411B2F00C024E0 /* Frameworks */ = {
			isa = PBXFrameworksBuildPhase;
			buildActionMask = 2147483647;
			files = (
				7CC4A30A503277A832AA86AF /* Pods_ToDoList_MVP_CoreDataTests.framework in Frameworks */,
			);
			runOnlyForDeploymentPostprocessing = 0;
		};
		1F5C484528411B2F00C024E0 /* Frameworks */ = {
			isa = PBXFrameworksBuildPhase;
			buildActionMask = 2147483647;
			files = (
				442C3D27FFC3A2B883A82C59 /* Pods_ToDoList_MVP_CoreData_ToDoList_MVP_CoreDataUITests.framework in Frameworks */,
			);
			runOnlyForDeploymentPostprocessing = 0;
		};
/* End PBXFrameworksBuildPhase section */

/* Begin PBXGroup section */
		0D0A44D624FF4305131E7FF3 /* Pods */ = {
			isa = PBXGroup;
			children = (
				5D2647873D393169F012D00D /* Pods-ToDoList_MVP_CoreData.debug.xcconfig */,
				520628338654074E9F7EC4E5 /* Pods-ToDoList_MVP_CoreData.release.xcconfig */,
				706851590EC1E68D6C1DCDBF /* Pods-ToDoList_MVP_CoreData-ToDoList_MVP_CoreDataUITests.debug.xcconfig */,
				65F86D959788BEDF02D51F6E /* Pods-ToDoList_MVP_CoreData-ToDoList_MVP_CoreDataUITests.release.xcconfig */,
				A9128C4637BB9B2DF10A7CA3 /* Pods-ToDoList_MVP_CoreDataTests.debug.xcconfig */,
				D5E86BC0B14278A31CC2E5BA /* Pods-ToDoList_MVP_CoreDataTests.release.xcconfig */,
			);
			path = Pods;
			sourceTree = "<group>";
		};
		1F4BC8482843A53B002A1CCA /* DetailModule */ = {
			isa = PBXGroup;
			children = (
				1F4BC8522843AA88002A1CCA /* View */,
				1F4BC8532843AA9E002A1CCA /* Presenter */,
			);
			path = DetailModule;
			sourceTree = "<group>";
		};
		1F4BC8522843AA88002A1CCA /* View */ = {
			isa = PBXGroup;
			children = (
				1F4BC84B2843A53B002A1CCA /* DetailController.swift */,
			);
			path = View;
			sourceTree = "<group>";
		};
		1F4BC8532843AA9E002A1CCA /* Presenter */ = {
			isa = PBXGroup;
			children = (
				1F4BC84A2843A53B002A1CCA /* DetailPresenter.swift */,
			);
			path = Presenter;
			sourceTree = "<group>";
		};
		1F4BC8542843B0C7002A1CCA /* Router */ = {
			isa = PBXGroup;
			children = (
				1F4BC8552843B0E7002A1CCA /* Router.swift */,
			);
			path = Router;
			sourceTree = "<group>";
		};
		1F4BC8572843D0CE002A1CCA /* MainPresenterTest */ = {
			isa = PBXGroup;
			children = (
				1F4BC85E2843D417002A1CCA /* MainPresenterTests.swift */,
			);
			path = MainPresenterTest;
			sourceTree = "<group>";
		};
		1F4BC8602843D8BF002A1CCA /* StoreService */ = {
			isa = PBXGroup;
			children = (
				1F4BC8612843D8FF002A1CCA /* StoreService.swift */,
			);
			path = StoreService;
			sourceTree = "<group>";
		};
		1F4BC8632843FF95002A1CCA /* RouterTest */ = {
			isa = PBXGroup;
			children = (
				1F4BC86628440010002A1CCA /* RouterTest.swift */,
			);
			path = RouterTest;
			sourceTree = "<group>";
		};
		1F5C481C28411B2E00C024E0 = {
			isa = PBXGroup;
			children = (
				1F5C482728411B2E00C024E0 /* ToDoList_MVP_CoreData */,
				1F5C484128411B2F00C024E0 /* ToDoList_MVP_CoreDataTests */,
				1F5C484B28411B2F00C024E0 /* ToDoList_MVP_CoreDataUITests */,
				1F5C482628411B2E00C024E0 /* Products */,
				0D0A44D624FF4305131E7FF3 /* Pods */,
				8D1F90F262F4B30625E211E8 /* Frameworks */,
			);
			sourceTree = "<group>";
		};
		1F5C482628411B2E00C024E0 /* Products */ = {
			isa = PBXGroup;
			children = (
				1F5C482528411B2E00C024E0 /* ToDoList_MVP_CoreData.app */,
				1F5C483E28411B2F00C024E0 /* ToDoList_MVP_CoreDataTests.xctest */,
				1F5C484828411B2F00C024E0 /* ToDoList_MVP_CoreDataUITests.xctest */,
			);
			name = Products;
			sourceTree = "<group>";
		};
		1F5C482728411B2E00C024E0 /* ToDoList_MVP_CoreData */ = {
			isa = PBXGroup;
			children = (
				1F5C483928411B2F00C024E0 /* Info.plist */,
				1F5C485C28411BEA00C024E0 /* App */,
				1F4BC8542843B0C7002A1CCA /* Router */,
				1F5C4887284120D400C024E0 /* Assembly */,
				1F5C485D28411E9200C024E0 /* MainModule */,
				1F4BC8482843A53B002A1CCA /* DetailModule */,
				1F4BC8602843D8BF002A1CCA /* StoreService */,
				1F5C488E28412BB000C024E0 /* Extensions */,
				1F5C485B28411B4300C024E0 /* Sources */,
			);
			path = ToDoList_MVP_CoreData;
			sourceTree = "<group>";
		};
		1F5C484128411B2F00C024E0 /* ToDoList_MVP_CoreDataTests */ = {
			isa = PBXGroup;
			children = (
				1F4BC8572843D0CE002A1CCA /* MainPresenterTest */,
				1F4BC8632843FF95002A1CCA /* RouterTest */,
			);
			path = ToDoList_MVP_CoreDataTests;
			sourceTree = "<group>";
		};
		1F5C484B28411B2F00C024E0 /* ToDoList_MVP_CoreDataUITests */ = {
			isa = PBXGroup;
			children = (
				1F5C484C28411B2F00C024E0 /* ToDoList_MVP_CoreDataUITests.swift */,
				1F5C484E28411B2F00C024E0 /* ToDoList_MVP_CoreDataUITestsLaunchTests.swift */,
			);
			path = ToDoList_MVP_CoreDataUITests;
			sourceTree = "<group>";
		};
		1F5C485B28411B4300C024E0 /* Sources */ = {
			isa = PBXGroup;
			children = (
				1F5C483428411B2F00C024E0 /* Assets.xcassets */,
				1F5C483628411B2F00C024E0 /* LaunchScreen.storyboard */,
			);
			path = Sources;
			sourceTree = "<group>";
		};
		1F5C485C28411BEA00C024E0 /* App */ = {
			isa = PBXGroup;
			children = (
				1F5C482828411B2E00C024E0 /* AppDelegate.swift */,
				1F5C482A28411B2E00C024E0 /* SceneDelegate.swift */,
			);
			path = App;
			sourceTree = "<group>";
		};
		1F5C485D28411E9200C024E0 /* MainModule */ = {
			isa = PBXGroup;
			children = (
				1F5C486028411EF000C024E0 /* Model */,
				1F5C485E28411EC900C024E0 /* View */,
				1F5C485F28411ED600C024E0 /* Presenter */,
			);
			path = MainModule;
			sourceTree = "<group>";
		};
		1F5C485E28411EC900C024E0 /* View */ = {
			isa = PBXGroup;
			children = (
				1FAD35022842A3EC004363EA /* Controllers */,
				1FAD35032842A3F5004363EA /* Cells */,
			);
			path = View;
			sourceTree = "<group>";
		};
		1F5C485F28411ED600C024E0 /* Presenter */ = {
			isa = PBXGroup;
			children = (
				1F5C487F2841209800C024E0 /* MainPresenter.swift */,
			);
			path = Presenter;
			sourceTree = "<group>";
		};
		1F5C486028411EF000C024E0 /* Model */ = {
			isa = PBXGroup;
			children = (
				1F5C483128411B2E00C024E0 /* ToDoList_MVP_CoreData.xcdatamodeld */,
				1F5C488C2841238B00C024E0 /* MainItem */,
			);
			path = Model;
			sourceTree = "<group>";
		};
		1F5C4887284120D400C024E0 /* Assembly */ = {
			isa = PBXGroup;
			children = (
				1F5C48802841209800C024E0 /* Assembly.swift */,
			);
			path = Assembly;
			sourceTree = "<group>";
		};
		1F5C488C2841238B00C024E0 /* MainItem */ = {
			isa = PBXGroup;
			children = (
				1F5C48892841236100C024E0 /* MainItem+CoreDataProperties.swift */,
				1F5C48882841236100C024E0 /* MainItem+CoreDataClass.swift */,
			);
			path = MainItem;
			sourceTree = "<group>";
		};
		1F5C488E28412BB000C024E0 /* Extensions */ = {
			isa = PBXGroup;
			children = (
				1F5C48932841337300C024E0 /* Date+extensions.swift */,
				1FAD34FF28429929004363EA /* UITableView+extensions.swift */,
			);
			path = Extensions;
			sourceTree = "<group>";
		};
		1FAD35022842A3EC004363EA /* Controllers */ = {
			isa = PBXGroup;
			children = (
				1F5C48812841209800C024E0 /* MainViewController.swift */,
			);
			path = Controllers;
			sourceTree = "<group>";
		};
		1FAD35032842A3F5004363EA /* Cells */ = {
			isa = PBXGroup;
			children = (
				1F5C4897284138F200C024E0 /* MainTableViewCell.swift */,
			);
			path = Cells;
			sourceTree = "<group>";
		};
		8D1F90F262F4B30625E211E8 /* Frameworks */ = {
			isa = PBXGroup;
			children = (
				16DDB5A3123DA56E25CDDD22 /* Pods_ToDoList_MVP_CoreData.framework */,
				7FAF24B7B1908FC5F6A902E3 /* Pods_ToDoList_MVP_CoreData_ToDoList_MVP_CoreDataUITests.framework */,
				86DFA168B852204715DA3525 /* Pods_ToDoList_MVP_CoreDataTests.framework */,
			);
			name = Frameworks;
			sourceTree = "<group>";
		};
/* End PBXGroup section */

/* Begin PBXNativeTarget section */
		1F5C482428411B2E00C024E0 /* ToDoList_MVP_CoreData */ = {
			isa = PBXNativeTarget;
			buildConfigurationList = 1F5C485228411B2F00C024E0 /* Build configuration list for PBXNativeTarget "ToDoList_MVP_CoreData" */;
			buildPhases = (
				1FA5973A28436F67009E31C9 /* ShellScript */,
				057046627A36E920A1E28614 /* [CP] Check Pods Manifest.lock */,
				1F5C482128411B2E00C024E0 /* Sources */,
				1F5C482228411B2E00C024E0 /* Frameworks */,
				1F5C482328411B2E00C024E0 /* Resources */,
			);
			buildRules = (
			);
			dependencies = (
			);
			name = ToDoList_MVP_CoreData;
			productName = ToDoList_MVP_CoreData;
			productReference = 1F5C482528411B2E00C024E0 /* ToDoList_MVP_CoreData.app */;
			productType = "com.apple.product-type.application";
		};
		1F5C483D28411B2F00C024E0 /* ToDoList_MVP_CoreDataTests */ = {
			isa = PBXNativeTarget;
			buildConfigurationList = 1F5C485528411B2F00C024E0 /* Build configuration list for PBXNativeTarget "ToDoList_MVP_CoreDataTests" */;
			buildPhases = (
				9A49F042A6D38BECC5EC87BA /* [CP] Check Pods Manifest.lock */,
				1F5C483A28411B2F00C024E0 /* Sources */,
				1F5C483B28411B2F00C024E0 /* Frameworks */,
				1F5C483C28411B2F00C024E0 /* Resources */,
			);
			buildRules = (
			);
			dependencies = (
				1F5C484028411B2F00C024E0 /* PBXTargetDependency */,
			);
			name = ToDoList_MVP_CoreDataTests;
			productName = ToDoList_MVP_CoreDataTests;
			productReference = 1F5C483E28411B2F00C024E0 /* ToDoList_MVP_CoreDataTests.xctest */;
			productType = "com.apple.product-type.bundle.unit-test";
		};
		1F5C484728411B2F00C024E0 /* ToDoList_MVP_CoreDataUITests */ = {
			isa = PBXNativeTarget;
			buildConfigurationList = 1F5C485828411B2F00C024E0 /* Build configuration list for PBXNativeTarget "ToDoList_MVP_CoreDataUITests" */;
			buildPhases = (
				C618A0AB412E421E43081A19 /* [CP] Check Pods Manifest.lock */,
				1F5C484428411B2F00C024E0 /* Sources */,
				1F5C484528411B2F00C024E0 /* Frameworks */,
				1F5C484628411B2F00C024E0 /* Resources */,
			);
			buildRules = (
			);
			dependencies = (
				1F5C484A28411B2F00C024E0 /* PBXTargetDependency */,
			);
			name = ToDoList_MVP_CoreDataUITests;
			productName = ToDoList_MVP_CoreDataUITests;
			productReference = 1F5C484828411B2F00C024E0 /* ToDoList_MVP_CoreDataUITests.xctest */;
			productType = "com.apple.product-type.bundle.ui-testing";
		};
/* End PBXNativeTarget section */

/* Begin PBXProject section */
		1F5C481D28411B2E00C024E0 /* Project object */ = {
			isa = PBXProject;
			attributes = {
				BuildIndependentTargetsInParallel = 1;
				LastSwiftUpdateCheck = 1340;
				LastUpgradeCheck = 1340;
				TargetAttributes = {
					1F5C482428411B2E00C024E0 = {
						CreatedOnToolsVersion = 13.4;
					};
					1F5C483D28411B2F00C024E0 = {
						CreatedOnToolsVersion = 13.4;
						LastSwiftMigration = 1340;
						TestTargetID = 1F5C482428411B2E00C024E0;
					};
					1F5C484728411B2F00C024E0 = {
						CreatedOnToolsVersion = 13.4;
						TestTargetID = 1F5C482428411B2E00C024E0;
					};
				};
			};
			buildConfigurationList = 1F5C482028411B2E00C024E0 /* Build configuration list for PBXProject "ToDoList_MVP_CoreData" */;
			compatibilityVersion = "Xcode 13.0";
			developmentRegion = en;
			hasScannedForEncodings = 0;
			knownRegions = (
				en,
				Base,
			);
			mainGroup = 1F5C481C28411B2E00C024E0;
			productRefGroup = 1F5C482628411B2E00C024E0 /* Products */;
			projectDirPath = "";
			projectRoot = "";
			targets = (
				1F5C482428411B2E00C024E0 /* ToDoList_MVP_CoreData */,
				1F5C483D28411B2F00C024E0 /* ToDoList_MVP_CoreDataTests */,
				1F5C484728411B2F00C024E0 /* ToDoList_MVP_CoreDataUITests */,
			);
		};
/* End PBXProject section */

/* Begin PBXResourcesBuildPhase section */
		1F5C482328411B2E00C024E0 /* Resources */ = {
			isa = PBXResourcesBuildPhase;
			buildActionMask = 2147483647;
			files = (
				1F5C483828411B2F00C024E0 /* LaunchScreen.storyboard in Resources */,
				1F5C483528411B2F00C024E0 /* Assets.xcassets in Resources */,
			);
			runOnlyForDeploymentPostprocessing = 0;
		};
		1F5C483C28411B2F00C024E0 /* Resources */ = {
			isa = PBXResourcesBuildPhase;
			buildActionMask = 2147483647;
			files = (
			);
			runOnlyForDeploymentPostprocessing = 0;
		};
		1F5C484628411B2F00C024E0 /* Resources */ = {
			isa = PBXResourcesBuildPhase;
			buildActionMask = 2147483647;
			files = (
			);
			runOnlyForDeploymentPostprocessing = 0;
		};
/* End PBXResourcesBuildPhase section */

/* Begin PBXShellScriptBuildPhase section */
		057046627A36E920A1E28614 /* [CP] Check Pods Manifest.lock */ = {
			isa = PBXShellScriptBuildPhase;
			buildActionMask = 2147483647;
			files = (
			);
			inputFileListPaths = (
			);
			inputPaths = (
				"${PODS_PODFILE_DIR_PATH}/Podfile.lock",
				"${PODS_ROOT}/Manifest.lock",
			);
			name = "[CP] Check Pods Manifest.lock";
			outputFileListPaths = (
			);
			outputPaths = (
				"$(DERIVED_FILE_DIR)/Pods-ToDoList_MVP_CoreData-checkManifestLockResult.txt",
			);
			runOnlyForDeploymentPostprocessing = 0;
			shellPath = /bin/sh;
			shellScript = "diff \"${PODS_PODFILE_DIR_PATH}/Podfile.lock\" \"${PODS_ROOT}/Manifest.lock\" > /dev/null\nif [ $? != 0 ] ; then\n    # print error to STDERR\n    echo \"error: The sandbox is not in sync with the Podfile.lock. Run 'pod install' or update your CocoaPods installation.\" >&2\n    exit 1\nfi\n# This output is used by Xcode 'outputs' to avoid re-running this script phase.\necho \"SUCCESS\" > \"${SCRIPT_OUTPUT_FILE_0}\"\n";
			showEnvVarsInLog = 0;
		};
		1FA5973A28436F67009E31C9 /* ShellScript */ = {
			isa = PBXShellScriptBuildPhase;
			buildActionMask = 12;
			files = (
			);
			inputFileListPaths = (
			);
			inputPaths = (
			);
			outputFileListPaths = (
			);
			outputPaths = (
			);
			runOnlyForDeploymentPostprocessing = 0;
			shellPath = /bin/sh;
			shellScript = "\"${PODS_ROOT}/SwiftLint/swiftlint\"\n\n";
		};
		9A49F042A6D38BECC5EC87BA /* [CP] Check Pods Manifest.lock */ = {
			isa = PBXShellScriptBuildPhase;
			buildActionMask = 2147483647;
			files = (
			);
			inputFileListPaths = (
			);
			inputPaths = (
				"${PODS_PODFILE_DIR_PATH}/Podfile.lock",
				"${PODS_ROOT}/Manifest.lock",
			);
			name = "[CP] Check Pods Manifest.lock";
			outputFileListPaths = (
			);
			outputPaths = (
				"$(DERIVED_FILE_DIR)/Pods-ToDoList_MVP_CoreDataTests-checkManifestLockResult.txt",
			);
			runOnlyForDeploymentPostprocessing = 0;
			shellPath = /bin/sh;
			shellScript = "diff \"${PODS_PODFILE_DIR_PATH}/Podfile.lock\" \"${PODS_ROOT}/Manifest.lock\" > /dev/null\nif [ $? != 0 ] ; then\n    # print error to STDERR\n    echo \"error: The sandbox is not in sync with the Podfile.lock. Run 'pod install' or update your CocoaPods installation.\" >&2\n    exit 1\nfi\n# This output is used by Xcode 'outputs' to avoid re-running this script phase.\necho \"SUCCESS\" > \"${SCRIPT_OUTPUT_FILE_0}\"\n";
			showEnvVarsInLog = 0;
		};
		C618A0AB412E421E43081A19 /* [CP] Check Pods Manifest.lock */ = {
			isa = PBXShellScriptBuildPhase;
			buildActionMask = 2147483647;
			files = (
			);
			inputFileListPaths = (
			);
			inputPaths = (
				"${PODS_PODFILE_DIR_PATH}/Podfile.lock",
				"${PODS_ROOT}/Manifest.lock",
			);
			name = "[CP] Check Pods Manifest.lock";
			outputFileListPaths = (
			);
			outputPaths = (
				"$(DERIVED_FILE_DIR)/Pods-ToDoList_MVP_CoreData-ToDoList_MVP_CoreDataUITests-checkManifestLockResult.txt",
			);
			runOnlyForDeploymentPostprocessing = 0;
			shellPath = /bin/sh;
			shellScript = "diff \"${PODS_PODFILE_DIR_PATH}/Podfile.lock\" \"${PODS_ROOT}/Manifest.lock\" > /dev/null\nif [ $? != 0 ] ; then\n    # print error to STDERR\n    echo \"error: The sandbox is not in sync with the Podfile.lock. Run 'pod install' or update your CocoaPods installation.\" >&2\n    exit 1\nfi\n# This output is used by Xcode 'outputs' to avoid re-running this script phase.\necho \"SUCCESS\" > \"${SCRIPT_OUTPUT_FILE_0}\"\n";
			showEnvVarsInLog = 0;
		};
/* End PBXShellScriptBuildPhase section */

/* Begin PBXSourcesBuildPhase section */
		1F5C482128411B2E00C024E0 /* Sources */ = {
			isa = PBXSourcesBuildPhase;
			buildActionMask = 2147483647;
			files = (
				1F5C483328411B2E00C024E0 /* ToDoList_MVP_CoreData.xcdatamodeld in Sources */,
				1F5C488B2841236100C024E0 /* MainItem+CoreDataProperties.swift in Sources */,
				1F5C48842841209800C024E0 /* Assembly.swift in Sources */,
				1F5C482928411B2E00C024E0 /* AppDelegate.swift in Sources */,
				1F5C48832841209800C024E0 /* MainPresenter.swift in Sources */,
				1F4BC84E2843A53B002A1CCA /* DetailPresenter.swift in Sources */,
				1F5C48942841337300C024E0 /* Date+extensions.swift in Sources */,
				1F4BC8622843D8FF002A1CCA /* StoreService.swift in Sources */,
				1F5C482B28411B2E00C024E0 /* SceneDelegate.swift in Sources */,
				1FAD350028429929004363EA /* UITableView+extensions.swift in Sources */,
				1F5C48852841209800C024E0 /* MainViewController.swift in Sources */,
				1F4BC8562843B0E7002A1CCA /* Router.swift in Sources */,
				1F5C4898284138F200C024E0 /* MainTableViewCell.swift in Sources */,
				1F4BC84F2843A53B002A1CCA /* DetailController.swift in Sources */,
				1F5C488A2841236100C024E0 /* MainItem+CoreDataClass.swift in Sources */,
			);
			runOnlyForDeploymentPostprocessing = 0;
		};
		1F5C483A28411B2F00C024E0 /* Sources */ = {
			isa = PBXSourcesBuildPhase;
			buildActionMask = 2147483647;
			files = (
				1F4BC86728440010002A1CCA /* RouterTest.swift in Sources */,
				1F4BC85F2843D417002A1CCA /* MainPresenterTests.swift in Sources */,
			);
			runOnlyForDeploymentPostprocessing = 0;
		};
		1F5C484428411B2F00C024E0 /* Sources */ = {
			isa = PBXSourcesBuildPhase;
			buildActionMask = 2147483647;
			files = (
				1F5C484D28411B2F00C024E0 /* ToDoList_MVP_CoreDataUITests.swift in Sources */,
				1F5C484F28411B2F00C024E0 /* ToDoList_MVP_CoreDataUITestsLaunchTests.swift in Sources */,
			);
			runOnlyForDeploymentPostprocessing = 0;
		};
/* End PBXSourcesBuildPhase section */

/* Begin PBXTargetDependency section */
		1F5C484028411B2F00C024E0 /* PBXTargetDependency */ = {
			isa = PBXTargetDependency;
			target = 1F5C482428411B2E00C024E0 /* ToDoList_MVP_CoreData */;
			targetProxy = 1F5C483F28411B2F00C024E0 /* PBXContainerItemProxy */;
		};
		1F5C484A28411B2F00C024E0 /* PBXTargetDependency */ = {
			isa = PBXTargetDependency;
			target = 1F5C482428411B2E00C024E0 /* ToDoList_MVP_CoreData */;
			targetProxy = 1F5C484928411B2F00C024E0 /* PBXContainerItemProxy */;
		};
/* End PBXTargetDependency section */

/* Begin PBXVariantGroup section */
		1F5C483628411B2F00C024E0 /* LaunchScreen.storyboard */ = {
			isa = PBXVariantGroup;
			children = (
				1F5C483728411B2F00C024E0 /* Base */,
			);
			name = LaunchScreen.storyboard;
			sourceTree = "<group>";
		};
/* End PBXVariantGroup section */

/* Begin XCBuildConfiguration section */
		1F5C485028411B2F00C024E0 /* Debug */ = {
			isa = XCBuildConfiguration;
			buildSettings = {
				ALWAYS_SEARCH_USER_PATHS = NO;
				CLANG_ANALYZER_NONNULL = YES;
				CLANG_ANALYZER_NUMBER_OBJECT_CONVERSION = YES_AGGRESSIVE;
				CLANG_CXX_LANGUAGE_STANDARD = "gnu++17";
				CLANG_ENABLE_MODULES = YES;
				CLANG_ENABLE_OBJC_ARC = YES;
				CLANG_ENABLE_OBJC_WEAK = YES;
				CLANG_WARN_BLOCK_CAPTURE_AUTORELEASING = YES;
				CLANG_WARN_BOOL_CONVERSION = YES;
				CLANG_WARN_COMMA = YES;
				CLANG_WARN_CONSTANT_CONVERSION = YES;
				CLANG_WARN_DEPRECATED_OBJC_IMPLEMENTATIONS = YES;
				CLANG_WARN_DIRECT_OBJC_ISA_USAGE = YES_ERROR;
				CLANG_WARN_DOCUMENTATION_COMMENTS = YES;
				CLANG_WARN_EMPTY_BODY = YES;
				CLANG_WARN_ENUM_CONVERSION = YES;
				CLANG_WARN_INFINITE_RECURSION = YES;
				CLANG_WARN_INT_CONVERSION = YES;
				CLANG_WARN_NON_LITERAL_NULL_CONVERSION = YES;
				CLANG_WARN_OBJC_IMPLICIT_RETAIN_SELF = YES;
				CLANG_WARN_OBJC_LITERAL_CONVERSION = YES;
				CLANG_WARN_OBJC_ROOT_CLASS = YES_ERROR;
				CLANG_WARN_QUOTED_INCLUDE_IN_FRAMEWORK_HEADER = YES;
				CLANG_WARN_RANGE_LOOP_ANALYSIS = YES;
				CLANG_WARN_STRICT_PROTOTYPES = YES;
				CLANG_WARN_SUSPICIOUS_MOVE = YES;
				CLANG_WARN_UNGUARDED_AVAILABILITY = YES_AGGRESSIVE;
				CLANG_WARN_UNREACHABLE_CODE = YES;
				CLANG_WARN__DUPLICATE_METHOD_MATCH = YES;
				COPY_PHASE_STRIP = NO;
				DEBUG_INFORMATION_FORMAT = dwarf;
				ENABLE_STRICT_OBJC_MSGSEND = YES;
				ENABLE_TESTABILITY = YES;
				GCC_C_LANGUAGE_STANDARD = gnu11;
				GCC_DYNAMIC_NO_PIC = NO;
				GCC_NO_COMMON_BLOCKS = YES;
				GCC_OPTIMIZATION_LEVEL = 0;
				GCC_PREPROCESSOR_DEFINITIONS = (
					"DEBUG=1",
					"$(inherited)",
				);
				GCC_WARN_64_TO_32_BIT_CONVERSION = YES;
				GCC_WARN_ABOUT_RETURN_TYPE = YES_ERROR;
				GCC_WARN_UNDECLARED_SELECTOR = YES;
				GCC_WARN_UNINITIALIZED_AUTOS = YES_AGGRESSIVE;
				GCC_WARN_UNUSED_FUNCTION = YES;
				GCC_WARN_UNUSED_VARIABLE = YES;
				IPHONEOS_DEPLOYMENT_TARGET = 15.5;
				MTL_ENABLE_DEBUG_INFO = INCLUDE_SOURCE;
				MTL_FAST_MATH = YES;
				ONLY_ACTIVE_ARCH = YES;
				SDKROOT = iphoneos;
				SWIFT_ACTIVE_COMPILATION_CONDITIONS = DEBUG;
				SWIFT_OPTIMIZATION_LEVEL = "-Onone";
			};
			name = Debug;
		};
		1F5C485128411B2F00C024E0 /* Release */ = {
			isa = XCBuildConfiguration;
			buildSettings = {
				ALWAYS_SEARCH_USER_PATHS = NO;
				CLANG_ANALYZER_NONNULL = YES;
				CLANG_ANALYZER_NUMBER_OBJECT_CONVERSION = YES_AGGRESSIVE;
				CLANG_CXX_LANGUAGE_STANDARD = "gnu++17";
				CLANG_ENABLE_MODULES = YES;
				CLANG_ENABLE_OBJC_ARC = YES;
				CLANG_ENABLE_OBJC_WEAK = YES;
				CLANG_WARN_BLOCK_CAPTURE_AUTORELEASING = YES;
				CLANG_WARN_BOOL_CONVERSION = YES;
				CLANG_WARN_COMMA = YES;
				CLANG_WARN_CONSTANT_CONVERSION = YES;
				CLANG_WARN_DEPRECATED_OBJC_IMPLEMENTATIONS = YES;
				CLANG_WARN_DIRECT_OBJC_ISA_USAGE = YES_ERROR;
				CLANG_WARN_DOCUMENTATION_COMMENTS = YES;
				CLANG_WARN_EMPTY_BODY = YES;
				CLANG_WARN_ENUM_CONVERSION = YES;
				CLANG_WARN_INFINITE_RECURSION = YES;
				CLANG_WARN_INT_CONVERSION = YES;
				CLANG_WARN_NON_LITERAL_NULL_CONVERSION = YES;
				CLANG_WARN_OBJC_IMPLICIT_RETAIN_SELF = YES;
				CLANG_WARN_OBJC_LITERAL_CONVERSION = YES;
				CLANG_WARN_OBJC_ROOT_CLASS = YES_ERROR;
				CLANG_WARN_QUOTED_INCLUDE_IN_FRAMEWORK_HEADER = YES;
				CLANG_WARN_RANGE_LOOP_ANALYSIS = YES;
				CLANG_WARN_STRICT_PROTOTYPES = YES;
				CLANG_WARN_SUSPICIOUS_MOVE = YES;
				CLANG_WARN_UNGUARDED_AVAILABILITY = YES_AGGRESSIVE;
				CLANG_WARN_UNREACHABLE_CODE = YES;
				CLANG_WARN__DUPLICATE_METHOD_MATCH = YES;
				COPY_PHASE_STRIP = NO;
				DEBUG_INFORMATION_FORMAT = "dwarf-with-dsym";
				ENABLE_NS_ASSERTIONS = NO;
				ENABLE_STRICT_OBJC_MSGSEND = YES;
				GCC_C_LANGUAGE_STANDARD = gnu11;
				GCC_NO_COMMON_BLOCKS = YES;
				GCC_WARN_64_TO_32_BIT_CONVERSION = YES;
				GCC_WARN_ABOUT_RETURN_TYPE = YES_ERROR;
				GCC_WARN_UNDECLARED_SELECTOR = YES;
				GCC_WARN_UNINITIALIZED_AUTOS = YES_AGGRESSIVE;
				GCC_WARN_UNUSED_FUNCTION = YES;
				GCC_WARN_UNUSED_VARIABLE = YES;
				IPHONEOS_DEPLOYMENT_TARGET = 15.5;
				MTL_ENABLE_DEBUG_INFO = NO;
				MTL_FAST_MATH = YES;
				SDKROOT = iphoneos;
				SWIFT_COMPILATION_MODE = wholemodule;
				SWIFT_OPTIMIZATION_LEVEL = "-O";
				VALIDATE_PRODUCT = YES;
			};
			name = Release;
		};
		1F5C485328411B2F00C024E0 /* Debug */ = {
			isa = XCBuildConfiguration;
			baseConfigurationReference = 5D2647873D393169F012D00D /* Pods-ToDoList_MVP_CoreData.debug.xcconfig */;
			buildSettings = {
				ASSETCATALOG_COMPILER_APPICON_NAME = AppIcon;
				ASSETCATALOG_COMPILER_GLOBAL_ACCENT_COLOR_NAME = AccentColor;
				CODE_SIGN_STYLE = Automatic;
				CURRENT_PROJECT_VERSION = 1;
				DEVELOPMENT_TEAM = RTJ9N9VRF5;
				GENERATE_INFOPLIST_FILE = YES;
				INFOPLIST_FILE = ToDoList_MVP_CoreData/Info.plist;
				INFOPLIST_KEY_CFBundleDisplayName = ToDoList;
				INFOPLIST_KEY_UIApplicationSupportsIndirectInputEvents = YES;
				INFOPLIST_KEY_UILaunchStoryboardName = LaunchScreen;
				INFOPLIST_KEY_UISupportedInterfaceOrientations = UIInterfaceOrientationPortrait;
				INFOPLIST_KEY_UISupportedInterfaceOrientations_iPad = "UIInterfaceOrientationPortrait UIInterfaceOrientationPortraitUpsideDown UIInterfaceOrientationLandscapeLeft UIInterfaceOrientationLandscapeRight";
				INFOPLIST_KEY_UISupportedInterfaceOrientations_iPhone = "UIInterfaceOrientationPortrait UIInterfaceOrientationLandscapeLeft UIInterfaceOrientationLandscapeRight";
				IPHONEOS_DEPLOYMENT_TARGET = 15.0;
				LD_RUNPATH_SEARCH_PATHS = (
					"$(inherited)",
					"@executable_path/Frameworks",
				);
				MARKETING_VERSION = 1.0;
				PRODUCT_BUNDLE_IDENTIFIER = "com.mikekos.ToDoList-MVP-CoreData";
				PRODUCT_NAME = "$(TARGET_NAME)";
				SWIFT_EMIT_LOC_STRINGS = YES;
				SWIFT_VERSION = 5.0;
				TARGETED_DEVICE_FAMILY = 1;
			};
			name = Debug;
		};
		1F5C485428411B2F00C024E0 /* Release */ = {
			isa = XCBuildConfiguration;
			baseConfigurationReference = 520628338654074E9F7EC4E5 /* Pods-ToDoList_MVP_CoreData.release.xcconfig */;
			buildSettings = {
				ASSETCATALOG_COMPILER_APPICON_NAME = AppIcon;
				ASSETCATALOG_COMPILER_GLOBAL_ACCENT_COLOR_NAME = AccentColor;
				CODE_SIGN_STYLE = Automatic;
				CURRENT_PROJECT_VERSION = 1;
				DEVELOPMENT_TEAM = RTJ9N9VRF5;
				GENERATE_INFOPLIST_FILE = YES;
				INFOPLIST_FILE = ToDoList_MVP_CoreData/Info.plist;
				INFOPLIST_KEY_CFBundleDisplayName = ToDoList;
				INFOPLIST_KEY_UIApplicationSupportsIndirectInputEvents = YES;
				INFOPLIST_KEY_UILaunchStoryboardName = LaunchScreen;
				INFOPLIST_KEY_UISupportedInterfaceOrientations = UIInterfaceOrientationPortrait;
				INFOPLIST_KEY_UISupportedInterfaceOrientations_iPad = "UIInterfaceOrientationPortrait UIInterfaceOrientationPortraitUpsideDown UIInterfaceOrientationLandscapeLeft UIInterfaceOrientationLandscapeRight";
				INFOPLIST_KEY_UISupportedInterfaceOrientations_iPhone = "UIInterfaceOrientationPortrait UIInterfaceOrientationLandscapeLeft UIInterfaceOrientationLandscapeRight";
				IPHONEOS_DEPLOYMENT_TARGET = 15.0;
				LD_RUNPATH_SEARCH_PATHS = (
					"$(inherited)",
					"@executable_path/Frameworks",
				);
				MARKETING_VERSION = 1.0;
				PRODUCT_BUNDLE_IDENTIFIER = "com.mikekos.ToDoList-MVP-CoreData";
				PRODUCT_NAME = "$(TARGET_NAME)";
				SWIFT_EMIT_LOC_STRINGS = YES;
				SWIFT_VERSION = 5.0;
				TARGETED_DEVICE_FAMILY = 1;
			};
			name = Release;
		};
		1F5C485628411B2F00C024E0 /* Debug */ = {
			isa = XCBuildConfiguration;
			baseConfigurationReference = A9128C4637BB9B2DF10A7CA3 /* Pods-ToDoList_MVP_CoreDataTests.debug.xcconfig */;
			buildSettings = {
				ALWAYS_EMBED_SWIFT_STANDARD_LIBRARIES = YES;
				BUNDLE_LOADER = "$(TEST_HOST)";
				CLANG_ENABLE_MODULES = YES;
				CODE_SIGN_STYLE = Automatic;
				CURRENT_PROJECT_VERSION = 1;
				DEVELOPMENT_TEAM = RTJ9N9VRF5;
				GENERATE_INFOPLIST_FILE = YES;
				IPHONEOS_DEPLOYMENT_TARGET = 15.5;
				LD_RUNPATH_SEARCH_PATHS = (
					"$(inherited)",
					"@executable_path/Frameworks",
					"@loader_path/Frameworks",
				);
				MARKETING_VERSION = 1.0;
				PRODUCT_BUNDLE_IDENTIFIER = "com.mikekos.ToDoList-MVP-CoreDataTests";
				PRODUCT_NAME = "$(TARGET_NAME)";
				SWIFT_EMIT_LOC_STRINGS = NO;
				SWIFT_OPTIMIZATION_LEVEL = "-Onone";
				SWIFT_VERSION = 5.0;
				TARGETED_DEVICE_FAMILY = "1,2";
				TEST_HOST = "$(BUILT_PRODUCTS_DIR)/ToDoList_MVP_CoreData.app/ToDoList_MVP_CoreData";
			};
			name = Debug;
		};
		1F5C485728411B2F00C024E0 /* Release */ = {
			isa = XCBuildConfiguration;
			baseConfigurationReference = D5E86BC0B14278A31CC2E5BA /* Pods-ToDoList_MVP_CoreDataTests.release.xcconfig */;
			buildSettings = {
				ALWAYS_EMBED_SWIFT_STANDARD_LIBRARIES = YES;
				BUNDLE_LOADER = "$(TEST_HOST)";
				CLANG_ENABLE_MODULES = YES;
				CODE_SIGN_STYLE = Automatic;
				CURRENT_PROJECT_VERSION = 1;
				DEVELOPMENT_TEAM = RTJ9N9VRF5;
				GENERATE_INFOPLIST_FILE = YES;
				IPHONEOS_DEPLOYMENT_TARGET = 15.5;
				LD_RUNPATH_SEARCH_PATHS = (
					"$(inherited)",
					"@executable_path/Frameworks",
					"@loader_path/Frameworks",
				);
				MARKETING_VERSION = 1.0;
				PRODUCT_BUNDLE_IDENTIFIER = "com.mikekos.ToDoList-MVP-CoreDataTests";
				PRODUCT_NAME = "$(TARGET_NAME)";
				SWIFT_EMIT_LOC_STRINGS = NO;
				SWIFT_VERSION = 5.0;
				TARGETED_DEVICE_FAMILY = "1,2";
				TEST_HOST = "$(BUILT_PRODUCTS_DIR)/ToDoList_MVP_CoreData.app/ToDoList_MVP_CoreData";
			};
			name = Release;
		};
		1F5C485928411B2F00C024E0 /* Debug */ = {
			isa = XCBuildConfiguration;
			baseConfigurationReference = 706851590EC1E68D6C1DCDBF /* Pods-ToDoList_MVP_CoreData-ToDoList_MVP_CoreDataUITests.debug.xcconfig */;
			buildSettings = {
				ALWAYS_EMBED_SWIFT_STANDARD_LIBRARIES = YES;
				CODE_SIGN_STYLE = Automatic;
				CURRENT_PROJECT_VERSION = 1;
				DEVELOPMENT_TEAM = RTJ9N9VRF5;
				GENERATE_INFOPLIST_FILE = YES;
				MARKETING_VERSION = 1.0;
				PRODUCT_BUNDLE_IDENTIFIER = "com.mikekos.ToDoList-MVP-CoreDataUITests";
				PRODUCT_NAME = "$(TARGET_NAME)";
				SWIFT_EMIT_LOC_STRINGS = NO;
				SWIFT_VERSION = 5.0;
				TARGETED_DEVICE_FAMILY = "1,2";
				TEST_TARGET_NAME = ToDoList_MVP_CoreData;
			};
			name = Debug;
		};
		1F5C485A28411B2F00C024E0 /* Release */ = {
			isa = XCBuildConfiguration;
			baseConfigurationReference = 65F86D959788BEDF02D51F6E /* Pods-ToDoList_MVP_CoreData-ToDoList_MVP_CoreDataUITests.release.xcconfig */;
			buildSettings = {
				ALWAYS_EMBED_SWIFT_STANDARD_LIBRARIES = YES;
				CODE_SIGN_STYLE = Automatic;
				CURRENT_PROJECT_VERSION = 1;
				DEVELOPMENT_TEAM = RTJ9N9VRF5;
				GENERATE_INFOPLIST_FILE = YES;
				MARKETING_VERSION = 1.0;
				PRODUCT_BUNDLE_IDENTIFIER = "com.mikekos.ToDoList-MVP-CoreDataUITests";
				PRODUCT_NAME = "$(TARGET_NAME)";
				SWIFT_EMIT_LOC_STRINGS = NO;
				SWIFT_VERSION = 5.0;
				TARGETED_DEVICE_FAMILY = "1,2";
				TEST_TARGET_NAME = ToDoList_MVP_CoreData;
			};
			name = Release;
		};
/* End XCBuildConfiguration section */

/* Begin XCConfigurationList section */
		1F5C482028411B2E00C024E0 /* Build configuration list for PBXProject "ToDoList_MVP_CoreData" */ = {
			isa = XCConfigurationList;
			buildConfigurations = (
				1F5C485028411B2F00C024E0 /* Debug */,
				1F5C485128411B2F00C024E0 /* Release */,
			);
			defaultConfigurationIsVisible = 0;
			defaultConfigurationName = Release;
		};
		1F5C485228411B2F00C024E0 /* Build configuration list for PBXNativeTarget "ToDoList_MVP_CoreData" */ = {
			isa = XCConfigurationList;
			buildConfigurations = (
				1F5C485328411B2F00C024E0 /* Debug */,
				1F5C485428411B2F00C024E0 /* Release */,
			);
			defaultConfigurationIsVisible = 0;
			defaultConfigurationName = Release;
		};
		1F5C485528411B2F00C024E0 /* Build configuration list for PBXNativeTarget "ToDoList_MVP_CoreDataTests" */ = {
			isa = XCConfigurationList;
			buildConfigurations = (
				1F5C485628411B2F00C024E0 /* Debug */,
				1F5C485728411B2F00C024E0 /* Release */,
			);
			defaultConfigurationIsVisible = 0;
			defaultConfigurationName = Release;
		};
		1F5C485828411B2F00C024E0 /* Build configuration list for PBXNativeTarget "ToDoList_MVP_CoreDataUITests" */ = {
			isa = XCConfigurationList;
			buildConfigurations = (
				1F5C485928411B2F00C024E0 /* Debug */,
				1F5C485A28411B2F00C024E0 /* Release */,
			);
			defaultConfigurationIsVisible = 0;
			defaultConfigurationName = Release;
		};
/* End XCConfigurationList section */

/* Begin XCVersionGroup section */
		1F5C483128411B2E00C024E0 /* ToDoList_MVP_CoreData.xcdatamodeld */ = {
			isa = XCVersionGroup;
			children = (
				1F5C483228411B2E00C024E0 /* ToDoList_MVP_CoreData.xcdatamodel */,
			);
			currentVersion = 1F5C483228411B2E00C024E0 /* ToDoList_MVP_CoreData.xcdatamodel */;
			path = ToDoList_MVP_CoreData.xcdatamodeld;
			sourceTree = "<group>";
			versionGroupType = wrapper.xcdatamodel;
		};
/* End XCVersionGroup section */
	};
	rootObject = 1F5C481D28411B2E00C024E0 /* Project object */;
}
